
Microsoft Visual Studio Solution File, Format Version 12.00
# Visual Studio Version 17
VisualStudioVersion = 17.5.33424.131
MinimumVisualStudioVersion = 10.0.40219.1
Project("{9A19103F-16F7-4668-BE54-9A1E7A4F7556}") = "ProductsManagment.DAL", "ProductsManagment.Dal\ProductsManagment.DAL.csproj", "{2ADDADD4-154B-4C41-A8C7-AF8C5A7A44E3}"
EndProject
Project("{9A19103F-16F7-4668-BE54-9A1E7A4F7556}") = "ProductsManagment.BLL", "ProductsManagment.BLL\ProductsManagment.BLL.csproj", "{F7A21DEB-BC00-45BC-813D-6C5BD6D91461}"
EndProject
Project("{9A19103F-16F7-4668-BE54-9A1E7A4F7556}") = "ProductsManagment.API", "ProductsManagment.API\ProductsManagment.API.csproj", "{757B0BA4-09D8-45A5-A245-625CAB75CC65}"
EndProject
Project("{9A19103F-16F7-4668-BE54-9A1E7A4F7556}") = "ProductsManagment.Common", "ProductsManagment.Common\ProductsManagment.Common.csproj", "{BFB72CB6-9FDE-43D1-96EF-16C0ABE3D504}"
EndProject
Global
	GlobalSection(SolutionConfigurationPlatforms) = preSolution
		Debug|Any CPU = Debug|Any CPU
		Release|Any CPU = Release|Any CPU
	EndGlobalSection
	GlobalSection(ProjectConfigurationPlatforms) = postSolution
		{2ADDADD4-154B-4C41-A8C7-AF8C5A7A44E3}.Debug|Any CPU.ActiveCfg = Debug|Any CPU
		{2ADDADD4-154B-4C41-A8C7-AF8C5A7A44E3}.Debug|Any CPU.Build.0 = Debug|Any CPU
		{2ADDADD4-154B-4C41-A8C7-AF8C5A7A44E3}.Release|Any CPU.ActiveCfg = Release|Any CPU
		{2ADDADD4-154B-4C41-A8C7-AF8C5A7A44E3}.Release|Any CPU.Build.0 = Release|Any CPU
		{F7A21DEB-BC00-45BC-813D-6C5BD6D91461}.Debug|Any CPU.ActiveCfg = Debug|Any CPU
		{F7A21DEB-BC00-45BC-813D-6C5BD6D91461}.Debug|Any CPU.Build.0 = Debug|Any CPU
		{F7A21DEB-BC00-45BC-813D-6C5BD6D91461}.Release|Any CPU.ActiveCfg = Release|Any CPU
		{F7A21DEB-BC00-45BC-813D-6C5BD6D91461}.Release|Any CPU.Build.0 = Release|Any CPU
		{757B0BA4-09D8-45A5-A245-625CAB75CC65}.Debug|Any CPU.ActiveCfg = Debug|Any CPU
		{757B0BA4-09D8-45A5-A245-625CAB75CC65}.Debug|Any CPU.Build.0 = Debug|Any CPU
		{757B0BA4-09D8-45A5-A245-625CAB75CC65}.Release|Any CPU.ActiveCfg = Release|Any CPU
		{757B0BA4-09D8-45A5-A245-625CAB75CC65}.Release|Any CPU.Build.0 = Release|Any CPU
		{BFB72CB6-9FDE-43D1-96EF-16C0ABE3D504}.Debug|Any CPU.ActiveCfg = Debug|Any CPU
		{BFB72CB6-9FDE-43D1-96EF-16C0ABE3D504}.Debug|Any CPU.Build.0 = Debug|Any CPU
		{BFB72CB6-9FDE-43D1-96EF-16C0ABE3D504}.Release|Any CPU.ActiveCfg = Release|Any CPU
		{BFB72CB6-9FDE-43D1-96EF-16C0ABE3D504}.Release|Any CPU.Build.0 = Release|Any CPU
	EndGlobalSection
	GlobalSection(SolutionProperties) = preSolution
		HideSolutionNode = FALSE
	EndGlobalSection
	GlobalSection(ExtensibilityGlobals) = postSolution
		SolutionGuid = {9B94463D-5CCF-4A65-9155-7AF183062C52}
	EndGlobalSection
EndGlobal
